
Microsoft Visual Studio Solution File, Format Version 12.00
# Visual Studio Version 16
VisualStudioVersion = 16.0.30011.22
MinimumVisualStudioVersion = 10.0.40219.1
Project("{9A19103F-16F7-4668-BE54-9A1E7A4F7556}") = "Stator", "Stator\Stator.csproj", "{0B78BD56-F317-4694-9FD6-B998C78CF3B9}"
EndProject
Project("{FAE04EC0-301F-11D3-BF4B-00C04F79EFBC}") = "StatorTests", "StatorTests\StatorTests.csproj", "{4E19BAA2-10DB-45A6-8DD4-B236C1F9EF65}"
EndProject
Global
	GlobalSection(SolutionConfigurationPlatforms) = preSolution
		Debug|Any CPU = Debug|Any CPU
		Release|Any CPU = Release|Any CPU
	EndGlobalSection
	GlobalSection(ProjectConfigurationPlatforms) = postSolution
		{0B78BD56-F317-4694-9FD6-B998C78CF3B9}.Debug|Any CPU.ActiveCfg = Debug|Any CPU
		{0B78BD56-F317-4694-9FD6-B998C78CF3B9}.Debug|Any CPU.Build.0 = Debug|Any CPU
		{0B78BD56-F317-4694-9FD6-B998C78CF3B9}.Release|Any CPU.ActiveCfg = Release|Any CPU
		{0B78BD56-F317-4694-9FD6-B998C78CF3B9}.Release|Any CPU.Build.0 = Release|Any CPU
		{4E19BAA2-10DB-45A6-8DD4-B236C1F9EF65}.Debug|Any CPU.ActiveCfg = Debug|Any CPU
		{4E19BAA2-10DB-45A6-8DD4-B236C1F9EF65}.Debug|Any CPU.Build.0 = Debug|Any CPU
		{4E19BAA2-10DB-45A6-8DD4-B236C1F9EF65}.Release|Any CPU.ActiveCfg = Release|Any CPU
		{4E19BAA2-10DB-45A6-8DD4-B236C1F9EF65}.Release|Any CPU.Build.0 = Release|Any CPU
	EndGlobalSection
	GlobalSection(SolutionProperties) = preSolution
		HideSolutionNode = FALSE
	EndGlobalSection
	GlobalSection(ExtensibilityGlobals) = postSolution
		SolutionGuid = {D0FA6325-539D-4923-AD80-ADD4D297FACA}
	EndGlobalSection
EndGlobal
